# This file is automatically @generated by Poetry 1.5.1 and should not be changed by hand.

[[package]]
name = "faker"
version = "25.8.0"
description = "Faker is a Python package that generates fake data for you."
optional = false
python-versions = ">=3.8"
files = [
    {file = "Faker-25.8.0-py3-none-any.whl", hash = "sha256:4c40b34a9c569018d4f9d6366d71a4da8a883d5ddf2b23197be5370f29b7e1b6"},
    {file = "Faker-25.8.0.tar.gz", hash = "sha256:bdec5f2fb057d244ebef6e0ed318fea4dcbdf32c3a1a010766fc45f5d68fc68d"},
]

[package.dependencies]
python-dateutil = ">=2.4"

[[package]]
name = "python-dateutil"
version = "2.9.0.post0"
description = "Extensions to the standard Python datetime module"
optional = false
python-versions = "!=3.0.*,!=3.1.*,!=3.2.*,>=2.7"
files = [
    {file = "python-dateutil-2.9.0.post0.tar.gz", hash = "sha256:37dd54208da7e1cd875388217d5e00ebd4179249f90fb72437e91a35459a0ad3"},
    {file = "python_dateutil-2.9.0.post0-py2.py3-none-any.whl", hash = "sha256:a8b2bc7bffae282281c8140a97d3aa9c14da0b136dfe83f850eea9a5f7470427"},
]

[package.dependencies]
six = ">=1.5"

[[package]]
name = "six"
version = "1.16.0"
description = "Python 2 and 3 compatibility utilities"
optional = false
python-versions = ">=2.7, !=3.0.*, !=3.1.*, !=3.2.*"
files = [
    {file = "six-1.16.0-py2.py3-none-any.whl", hash = "sha256:8abb2f1d86890a2dfb989f9a77cfcfd3e47c2a354b01111771326f8aa26e0254"},
    {file = "six-1.16.0.tar.gz", hash = "sha256:1e61c37477a1626458e36f7b1d82aa5c9b094fa4802892072e49de9c60c4c926"},
]

[metadata]
lock-version = "2.0"
python-versions = "^3.11"
content-hash = "34928334aaf914751536f354c97aca6bea0b290e67eda6f23c427b4db2dd0c52"
